dependencies:
- name: postgresql
  repository: https://charts.bitnami.com/bitnami
  version: 16.0.0
- name: postgresql-ha
  repository: https://charts.bitnami.com/bitnami
  version: 9.4.11
- name: redis
  repository: https://charts.bitnami.com/bitnami
  version: 20.1.6
digest: sha256:b79686028298afb9d6ebf16afc32665a40a9105f236dbe16f3b25ca0154bf55d
generated: "2024-10-02T20:56:04.071478087Z"
